
Microsoft Visual Studio Solution File, Format Version 11.00
# Visual Studio 2010
Project("{FAE04EC0-301F-11D3-BF4B-00C04F79EFBC}") = "UnityEngine.TestRunner", "UnityEngine.TestRunner.csproj", "{c57b1f56-7066-26e0-9be7-02bea88cf5bf}"
EndProject
Project("{FAE04EC0-301F-11D3-BF4B-00C04F79EFBC}") = "Unity.Timeline", "Unity.Timeline.csproj", "{f8f64566-8911-46f3-1c60-11872f7b10f5}"
EndProject
Project("{FAE04EC0-301F-11D3-BF4B-00C04F79EFBC}") = "UnityEngine.UI", "UnityEngine.UI.csproj", "{d87b892e-5e80-683d-e14e-b7aac678c06d}"
EndProject
Project("{FAE04EC0-301F-11D3-BF4B-00C04F79EFBC}") = "Unity.TextMeshPro", "Unity.TextMeshPro.csproj", "{f2ad27d2-a315-07f5-9044-fdedac19b405}"
EndProject
Project("{FAE04EC0-301F-11D3-BF4B-00C04F79EFBC}") = "Assembly-CSharp", "Assembly-CSharp.csproj", "{434cd59b-f5f1-0e9d-b157-e17f6fc66677}"
EndProject
Project("{FAE04EC0-301F-11D3-BF4B-00C04F79EFBC}") = "UnityEditor.TestRunner", "UnityEditor.TestRunner.csproj", "{6cf656d7-2925-0e57-cec1-302348f588e0}"
EndProject
Project("{FAE04EC0-301F-11D3-BF4B-00C04F79EFBC}") = "Unity.PlasticSCM.Editor", "Unity.PlasticSCM.Editor.csproj", "{1373d80d-4527-f5df-bda6-d27b1b5c695e}"
EndProject
Project("{FAE04EC0-301F-11D3-BF4B-00C04F79EFBC}") = "UnityEditor.UI", "UnityEditor.UI.csproj", "{ea680a81-a6d2-8531-3652-54cfafefc0fd}"
EndProject
Project("{FAE04EC0-301F-11D3-BF4B-00C04F79EFBC}") = "Unity.Services.Core.Editor", "Unity.Services.Core.Editor.csproj", "{1b62588d-807f-4bb2-1803-64c385f36c24}"
EndProject
Project("{FAE04EC0-301F-11D3-BF4B-00C04F79EFBC}") = "Unity.Timeline.Editor", "Unity.Timeline.Editor.csproj", "{e65a43d0-d2cb-4ea2-45a2-0ef581414755}"
EndProject
Project("{FAE04EC0-301F-11D3-BF4B-00C04F79EFBC}") = "Unity.VisualStudio.Editor", "Unity.VisualStudio.Editor.csproj", "{34e5e80a-e110-5164-93ad-6ee51ac7ec21}"
EndProject
Project("{FAE04EC0-301F-11D3-BF4B-00C04F79EFBC}") = "Unity.TextMeshPro.Editor", "Unity.TextMeshPro.Editor.csproj", "{70de56b3-c7c2-b624-ee74-21bee3a8e95d}"
EndProject
Project("{FAE04EC0-301F-11D3-BF4B-00C04F79EFBC}") = "Unity.CollabProxy.Editor", "Unity.CollabProxy.Editor.csproj", "{6b720f10-d964-ca4b-41c6-66c6a0538ced}"
EndProject
Project("{FAE04EC0-301F-11D3-BF4B-00C04F79EFBC}") = "Unity.Rider.Editor", "Unity.Rider.Editor.csproj", "{473896b2-cb22-82bc-9c36-4832cb41e3b7}"
EndProject
Project("{FAE04EC0-301F-11D3-BF4B-00C04F79EFBC}") = "Unity.VSCode.Editor", "Unity.VSCode.Editor.csproj", "{639c5e62-1ba6-83ac-e71d-7435ce158b67}"
EndProject
Global
	GlobalSection(SolutionConfigurationPlatforms) = preSolution
		Debug|Any CPU = Debug|Any CPU
	EndGlobalSection
	GlobalSection(ProjectConfigurationPlatforms) = postSolution
		{c57b1f56-7066-26e0-9be7-02bea88cf5bf}.Debug|Any CPU.ActiveCfg = Debug|Any CPU
		{c57b1f56-7066-26e0-9be7-02bea88cf5bf}.Debug|Any CPU.Build.0 = Debug|Any CPU
		{f8f64566-8911-46f3-1c60-11872f7b10f5}.Debug|Any CPU.ActiveCfg = Debug|Any CPU
		{f8f64566-8911-46f3-1c60-11872f7b10f5}.Debug|Any CPU.Build.0 = Debug|Any CPU
		{d87b892e-5e80-683d-e14e-b7aac678c06d}.Debug|Any CPU.ActiveCfg = Debug|Any CPU
		{d87b892e-5e80-683d-e14e-b7aac678c06d}.Debug|Any CPU.Build.0 = Debug|Any CPU
		{f2ad27d2-a315-07f5-9044-fdedac19b405}.Debug|Any CPU.ActiveCfg = Debug|Any CPU
		{f2ad27d2-a315-07f5-9044-fdedac19b405}.Debug|Any CPU.Build.0 = Debug|Any CPU
		{434cd59b-f5f1-0e9d-b157-e17f6fc66677}.Debug|Any CPU.ActiveCfg = Debug|Any CPU
		{434cd59b-f5f1-0e9d-b157-e17f6fc66677}.Debug|Any CPU.Build.0 = Debug|Any CPU
		{6cf656d7-2925-0e57-cec1-302348f588e0}.Debug|Any CPU.ActiveCfg = Debug|Any CPU
		{6cf656d7-2925-0e57-cec1-302348f588e0}.Debug|Any CPU.Build.0 = Debug|Any CPU
		{1373d80d-4527-f5df-bda6-d27b1b5c695e}.Debug|Any CPU.ActiveCfg = Debug|Any CPU
		{1373d80d-4527-f5df-bda6-d27b1b5c695e}.Debug|Any CPU.Build.0 = Debug|Any CPU
		{ea680a81-a6d2-8531-3652-54cfafefc0fd}.Debug|Any CPU.ActiveCfg = Debug|Any CPU
		{ea680a81-a6d2-8531-3652-54cfafefc0fd}.Debug|Any CPU.Build.0 = Debug|Any CPU
		{1b62588d-807f-4bb2-1803-64c385f36c24}.Debug|Any CPU.ActiveCfg = Debug|Any CPU
		{1b62588d-807f-4bb2-1803-64c385f36c24}.Debug|Any CPU.Build.0 = Debug|Any CPU
		{e65a43d0-d2cb-4ea2-45a2-0ef581414755}.Debug|Any CPU.ActiveCfg = Debug|Any CPU
		{e65a43d0-d2cb-4ea2-45a2-0ef581414755}.Debug|Any CPU.Build.0 = Debug|Any CPU
		{34e5e80a-e110-5164-93ad-6ee51ac7ec21}.Debug|Any CPU.ActiveCfg = Debug|Any CPU
		{34e5e80a-e110-5164-93ad-6ee51ac7ec21}.Debug|Any CPU.Build.0 = Debug|Any CPU
		{70de56b3-c7c2-b624-ee74-21bee3a8e95d}.Debug|Any CPU.ActiveCfg = Debug|Any CPU
		{70de56b3-c7c2-b624-ee74-21bee3a8e95d}.Debug|Any CPU.Build.0 = Debug|Any CPU
		{6b720f10-d964-ca4b-41c6-66c6a0538ced}.Debug|Any CPU.ActiveCfg = Debug|Any CPU
		{6b720f10-d964-ca4b-41c6-66c6a0538ced}.Debug|Any CPU.Build.0 = Debug|Any CPU
		{473896b2-cb22-82bc-9c36-4832cb41e3b7}.Debug|Any CPU.ActiveCfg = Debug|Any CPU
		{473896b2-cb22-82bc-9c36-4832cb41e3b7}.Debug|Any CPU.Build.0 = Debug|Any CPU
		{639c5e62-1ba6-83ac-e71d-7435ce158b67}.Debug|Any CPU.ActiveCfg = Debug|Any CPU
		{639c5e62-1ba6-83ac-e71d-7435ce158b67}.Debug|Any CPU.Build.0 = Debug|Any CPU
	EndGlobalSection
	GlobalSection(SolutionProperties) = preSolution
		HideSolutionNode = FALSE
	EndGlobalSection
EndGlobal
